// !$*UTF8*$!
{
	archiveVersion = 1;
	classes = {
	};
	objectVersion = 55;
	objects = {

/* Begin PBXBuildFile section */
		94DD94B1278CB4BE005965EA /* AppDelegate.swift in Sources */ = {isa = PBXBuildFile; fileRef = 94DD94B0278CB4BE005965EA /* AppDelegate.swift */; };
		94DD94B3278CB4BE005965EA /* SceneDelegate.swift in Sources */ = {isa = PBXBuildFile; fileRef = 94DD94B2278CB4BE005965EA /* SceneDelegate.swift */; };
		94DD94B5278CB4BE005965EA /* ViewController.swift in Sources */ = {isa = PBXBuildFile; fileRef = 94DD94B4278CB4BE005965EA /* ViewController.swift */; };
		94DD94B8278CB4BE005965EA /* Main.storyboard in Resources */ = {isa = PBXBuildFile; fileRef = 94DD94B6278CB4BE005965EA /* Main.storyboard */; };
		94DD94BA278CB4BF005965EA /* Assets.xcassets in Resources */ = {isa = PBXBuildFile; fileRef = 94DD94B9278CB4BF005965EA /* Assets.xcassets */; };
		94DD94BD278CB4BF005965EA /* LaunchScreen.storyboard in Resources */ = {isa = PBXBuildFile; fileRef = 94DD94BB278CB4BF005965EA /* LaunchScreen.storyboard */; };
		94DD94C8278CB4C0005965EA /* SearchCountriesTests.swift in Sources */ = {isa = PBXBuildFile; fileRef = 94DD94C7278CB4C0005965EA /* SearchCountriesTests.swift */; };
		94DD94D2278CB4C0005965EA /* SearchCountriesUITests.swift in Sources */ = {isa = PBXBuildFile; fileRef = 94DD94D1278CB4C0005965EA /* SearchCountriesUITests.swift */; };
		94DD94D4278CB4C0005965EA /* SearchCountriesUITestsLaunchTests.swift in Sources */ = {isa = PBXBuildFile; fileRef = 94DD94D3278CB4C0005965EA /* SearchCountriesUITestsLaunchTests.swift */; };
/* End PBXBuildFile section */

/* Begin PBXContainerItemProxy section */
		94DD94C4278CB4C0005965EA /* PBXContainerItemProxy */ = {
			isa = PBXContainerItemProxy;
			containerPortal = 94DD94A5278CB4BE005965EA /* Project object */;
			proxyType = 1;
			remoteGlobalIDString = 94DD94AC278CB4BE005965EA;
			remoteInfo = SearchCountries;
		};
		94DD94CE278CB4C0005965EA /* PBXContainerItemProxy */ = {
			isa = PBXContainerItemProxy;
			containerPortal = 94DD94A5278CB4BE005965EA /* Project object */;
			proxyType = 1;
			remoteGlobalIDString = 94DD94AC278CB4BE005965EA;
			remoteInfo = SearchCountries;
		};
/* End PBXContainerItemProxy section */

/* Begin PBXFileReference section */
		94DD94AD278CB4BE005965EA /* SearchCountries.app */ = {isa = PBXFileReference; explicitFileType = wrapper.application; includeInIndex = 0; path = SearchCountries.app; sourceTree = BUILT_PRODUCTS_DIR; };
		94DD94B0278CB4BE005965EA /* AppDelegate.swift */ = {isa = PBXFileReference; lastKnownFileType = sourcecode.swift; path = AppDelegate.swift; sourceTree = "<group>"; };
		94DD94B2278CB4BE005965EA /* SceneDelegate.swift */ = {isa = PBXFileReference; lastKnownFileType = sourcecode.swift; path = SceneDelegate.swift; sourceTree = "<group>"; };
		94DD94B4278CB4BE005965EA /* ViewController.swift */ = {isa = PBXFileReference; lastKnownFileType = sourcecode.swift; path = ViewController.swift; sourceTree = "<group>"; };
		94DD94B7278CB4BE005965EA /* Base */ = {isa = PBXFileReference; lastKnownFileType = file.storyboard; name = Base; path = Base.lproj/Main.storyboard; sourceTree = "<group>"; };
		94DD94B9278CB4BF005965EA /* Assets.xcassets */ = {isa = PBXFileReference; lastKnownFileType = folder.assetcatalog; path = Assets.xcassets; sourceTree = "<group>"; };
		94DD94BC278CB4BF005965EA /* Base */ = {isa = PBXFileReference; lastKnownFileType = file.storyboard; name = Base; path = Base.lproj/LaunchScreen.storyboard; sourceTree = "<group>"; };
		94DD94BE278CB4BF005965EA /* Info.plist */ = {isa = PBXFileReference; lastKnownFileType = text.plist.xml; path = Info.plist; sourceTree = "<group>"; };
		94DD94C3278CB4C0005965EA /* SearchCountriesTests.xctest */ = {isa = PBXFileReference; explicitFileType = wrapper.cfbundle; includeInIndex = 0; path = SearchCountriesTests.xctest; sourceTree = BUILT_PRODUCTS_DIR; };
		94DD94C7278CB4C0005965EA /* SearchCountriesTests.swift */ = {isa = PBXFileReference; lastKnownFileType = sourcecode.swift; path = SearchCountriesTests.swift; sourceTree = "<group>"; };
		94DD94CD278CB4C0005965EA /* SearchCountriesUITests.xctest */ = {isa = PBXFileReference; explicitFileType = wrapper.cfbundle; includeInIndex = 0; path = SearchCountriesUITests.xctest; sourceTree = BUILT_PRODUCTS_DIR; };
		94DD94D1278CB4C0005965EA /* SearchCountriesUITests.swift */ = {isa = PBXFileReference; lastKnownFileType = sourcecode.swift; path = SearchCountriesUITests.swift; sourceTree = "<group>"; };
		94DD94D3278CB4C0005965EA /* SearchCountriesUITestsLaunchTests.swift */ = {isa = PBXFileReference; lastKnownFileType = sourcecode.swift; path = SearchCountriesUITestsLaunchTests.swift; sourceTree = "<group>"; };
/* End PBXFileReference section */

/* Begin PBXFrameworksBuildPhase section */
		94DD94AA278CB4BE005965EA /* Frameworks */ = {
			isa = PBXFrameworksBuildPhase;
			buildActionMask = 2147483647;
			files = (
			);
			runOnlyForDeploymentPostprocessing = 0;
		};
		94DD94C0278CB4C0005965EA /* Frameworks */ = {
			isa = PBXFrameworksBuildPhase;
			buildActionMask = 2147483647;
			files = (
			);
			runOnlyForDeploymentPostprocessing = 0;
		};
		94DD94CA278CB4C0005965EA /* Frameworks */ = {
			isa = PBXFrameworksBuildPhase;
			buildActionMask = 2147483647;
			files = (
			);
			runOnlyForDeploymentPostprocessing = 0;
		};
/* End PBXFrameworksBuildPhase section */

/* Begin PBXGroup section */
		94DD94A4278CB4BE005965EA = {
			isa = PBXGroup;
			children = (
				94DD94AF278CB4BE005965EA /* SearchCountries */,
				94DD94C6278CB4C0005965EA /* SearchCountriesTests */,
				94DD94D0278CB4C0005965EA /* SearchCountriesUITests */,
				94DD94AE278CB4BE005965EA /* Products */,
			);
			sourceTree = "<group>";
		};
		94DD94AE278CB4BE005965EA /* Products */ = {
			isa = PBXGroup;
			children = (
				94DD94AD278CB4BE005965EA /* SearchCountries.app */,
				94DD94C3278CB4C0005965EA /* SearchCountriesTests.xctest */,
				94DD94CD278CB4C0005965EA /* SearchCountriesUITests.xctest */,
			);
			name = Products;
			sourceTree = "<group>";
		};
		94DD94AF278CB4BE005965EA /* SearchCountries */ = {
			isa = PBXGroup;
			children = (
				94DD94E0278CBD19005965EA /* Supporting Files */,
				94DD94BE278CB4BF005965EA /* Info.plist */,
			);
			path = SearchCountries;
			sourceTree = "<group>";
		};
		94DD94C6278CB4C0005965EA /* SearchCountriesTests */ = {
			isa = PBXGroup;
			children = (
				94DD94C7278CB4C0005965EA /* SearchCountriesTests.swift */,
			);
			path = SearchCountriesTests;
			sourceTree = "<group>";
		};
		94DD94D0278CB4C0005965EA /* SearchCountriesUITests */ = {
			isa = PBXGroup;
			children = (
				94DD94D1278CB4C0005965EA /* SearchCountriesUITests.swift */,
				94DD94D3278CB4C0005965EA /* SearchCountriesUITestsLaunchTests.swift */,
			);
			path = SearchCountriesUITests;
			sourceTree = "<group>";
		};
		94DD94E0278CBD19005965EA /* Supporting Files */ = {
			isa = PBXGroup;
			children = (
				94DD94B0278CB4BE005965EA /* AppDelegate.swift */,
				94DD94B2278CB4BE005965EA /* SceneDelegate.swift */,
				94DD94B4278CB4BE005965EA /* ViewController.swift */,
				94DD94B6278CB4BE005965EA /* Main.storyboard */,
				94DD94B9278CB4BF005965EA /* Assets.xcassets */,
				94DD94BB278CB4BF005965EA /* LaunchScreen.storyboard */,
			);
			path = "Supporting Files";
			sourceTree = "<group>";
		};
/* End PBXGroup section */

/* Begin PBXNativeTarget section */
		94DD94AC278CB4BE005965EA /* SearchCountries */ = {
			isa = PBXNativeTarget;
			buildConfigurationList = 94DD94D7278CB4C0005965EA /* Build configuration list for PBXNativeTarget "SearchCountries" */;
			buildPhases = (
				94DD94A9278CB4BE005965EA /* Sources */,
				94DD94AA278CB4BE005965EA /* Frameworks */,
				94DD94AB278CB4BE005965EA /* Resources */,
			);
			buildRules = (
			);
			dependencies = (
			);
			name = SearchCountries;
			productName = SearchCountries;
			productReference = 94DD94AD278CB4BE005965EA /* SearchCountries.app */;
			productType = "com.apple.product-type.application";
		};
		94DD94C2278CB4C0005965EA /* SearchCountriesTests */ = {
			isa = PBXNativeTarget;
			buildConfigurationList = 94DD94DA278CB4C0005965EA /* Build configuration list for PBXNativeTarget "SearchCountriesTests" */;
			buildPhases = (
				94DD94BF278CB4C0005965EA /* Sources */,
				94DD94C0278CB4C0005965EA /* Frameworks */,
				94DD94C1278CB4C0005965EA /* Resources */,
			);
			buildRules = (
			);
			dependencies = (
				94DD94C5278CB4C0005965EA /* PBXTargetDependency */,
			);
			name = SearchCountriesTests;
			productName = SearchCountriesTests;
			productReference = 94DD94C3278CB4C0005965EA /* SearchCountriesTests.xctest */;
			productType = "com.apple.product-type.bundle.unit-test";
		};
		94DD94CC278CB4C0005965EA /* SearchCountriesUITests */ = {
			isa = PBXNativeTarget;
			buildConfigurationList = 94DD94DD278CB4C0005965EA /* Build configuration list for PBXNativeTarget "SearchCountriesUITests" */;
			buildPhases = (
				94DD94C9278CB4C0005965EA /* Sources */,
				94DD94CA278CB4C0005965EA /* Frameworks */,
				94DD94CB278CB4C0005965EA /* Resources */,
			);
			buildRules = (
			);
			dependencies = (
				94DD94CF278CB4C0005965EA /* PBXTargetDependency */,
			);
			name = SearchCountriesUITests;
			productName = SearchCountriesUITests;
			productReference = 94DD94CD278CB4C0005965EA /* SearchCountriesUITests.xctest */;
			productType = "com.apple.product-type.bundle.ui-testing";
		};
/* End PBXNativeTarget section */

/* Begin PBXProject section */
		94DD94A5278CB4BE005965EA /* Project object */ = {
			isa = PBXProject;
			attributes = {
				BuildIndependentTargetsInParallel = 1;
				LastSwiftUpdateCheck = 1320;
				LastUpgradeCheck = 1320;
				TargetAttributes = {
					94DD94AC278CB4BE005965EA = {
						CreatedOnToolsVersion = 13.2.1;
					};
					94DD94C2278CB4C0005965EA = {
						CreatedOnToolsVersion = 13.2.1;
						TestTargetID = 94DD94AC278CB4BE005965EA;
					};
					94DD94CC278CB4C0005965EA = {
						CreatedOnToolsVersion = 13.2.1;
						TestTargetID = 94DD94AC278CB4BE005965EA;
					};
				};
			};
			buildConfigurationList = 94DD94A8278CB4BE005965EA /* Build configuration list for PBXProject "SearchCountries" */;
			compatibilityVersion = "Xcode 13.0";
			developmentRegion = en;
			hasScannedForEncodings = 0;
			knownRegions = (
				en,
				Base,
			);
			mainGroup = 94DD94A4278CB4BE005965EA;
			productRefGroup = 94DD94AE278CB4BE005965EA /* Products */;
			projectDirPath = "";
			projectRoot = "";
			targets = (
				94DD94AC278CB4BE005965EA /* SearchCountries */,
				94DD94C2278CB4C0005965EA /* SearchCountriesTests */,
				94DD94CC278CB4C0005965EA /* SearchCountriesUITests */,
			);
		};
/* End PBXProject section */

/* Begin PBXResourcesBuildPhase section */
		94DD94AB278CB4BE005965EA /* Resources */ = {
			isa = PBXResourcesBuildPhase;
			buildActionMask = 2147483647;
			files = (
				94DD94BD278CB4BF005965EA /* LaunchScreen.storyboard in Resources */,
				94DD94BA278CB4BF005965EA /* Assets.xcassets in Resources */,
				94DD94B8278CB4BE005965EA /* Main.storyboard in Resources */,
			);
			runOnlyForDeploymentPostprocessing = 0;
		};
		94DD94C1278CB4C0005965EA /* Resources */ = {
			isa = PBXResourcesBuildPhase;
			buildActionMask = 2147483647;
			files = (
			);
			runOnlyForDeploymentPostprocessing = 0;
		};
		94DD94CB278CB4C0005965EA /* Resources */ = {
			isa = PBXResourcesBuildPhase;
			buildActionMask = 2147483647;
			files = (
			);
			runOnlyForDeploymentPostprocessing = 0;
		};
/* End PBXResourcesBuildPhase section */

/* Begin PBXSourcesBuildPhase section */
		94DD94A9278CB4BE005965EA /* Sources */ = {
			isa = PBXSourcesBuildPhase;
			buildActionMask = 2147483647;
			files = (
				94DD94B5278CB4BE005965EA /* ViewController.swift in Sources */,
				94DD94B1278CB4BE005965EA /* AppDelegate.swift in Sources */,
				94DD94B3278CB4BE005965EA /* SceneDelegate.swift in Sources */,
			);
			runOnlyForDeploymentPostprocessing = 0;
		};
		94DD94BF278CB4C0005965EA /* Sources */ = {
			isa = PBXSourcesBuildPhase;
			buildActionMask = 2147483647;
			files = (
				94DD94C8278CB4C0005965EA /* SearchCountriesTests.swift in Sources */,
			);
			runOnlyForDeploymentPostprocessing = 0;
		};
		94DD94C9278CB4C0005965EA /* Sources */ = {
			isa = PBXSourcesBuildPhase;
			buildActionMask = 2147483647;
			files = (
				94DD94D2278CB4C0005965EA /* SearchCountriesUITests.swift in Sources */,
				94DD94D4278CB4C0005965EA /* SearchCountriesUITestsLaunchTests.swift in Sources */,
			);
			runOnlyForDeploymentPostprocessing = 0;
		};
/* End PBXSourcesBuildPhase section */

/* Begin PBXTargetDependency section */
		94DD94C5278CB4C0005965EA /* PBXTargetDependency */ = {
			isa = PBXTargetDependency;
			target = 94DD94AC278CB4BE005965EA /* SearchCountries */;
			targetProxy = 94DD94C4278CB4C0005965EA /* PBXContainerItemProxy */;
		};
		94DD94CF278CB4C0005965EA /* PBXTargetDependency */ = {
			isa = PBXTargetDependency;
			target = 94DD94AC278CB4BE005965EA /* SearchCountries */;
			targetProxy = 94DD94CE278CB4C0005965EA /* PBXContainerItemProxy */;
		};
/* End PBXTargetDependency section */

/* Begin PBXVariantGroup section */
		94DD94B6278CB4BE005965EA /* Main.storyboard */ = {
			isa = PBXVariantGroup;
			children = (
				94DD94B7278CB4BE005965EA /* Base */,
			);
			name = Main.storyboard;
			sourceTree = "<group>";
		};
		94DD94BB278CB4BF005965EA /* LaunchScreen.storyboard */ = {
			isa = PBXVariantGroup;
			children = (
				94DD94BC278CB4BF005965EA /* Base */,
			);
			name = LaunchScreen.storyboard;
			sourceTree = "<group>";
		};
/* End PBXVariantGroup section */

/* Begin XCBuildConfiguration section */
		94DD94D5278CB4C0005965EA /* Debug */ = {
			isa = XCBuildConfiguration;
			buildSettings = {
				ALWAYS_SEARCH_USER_PATHS = NO;
				CLANG_ANALYZER_NONNULL = YES;
				CLANG_ANALYZER_NUMBER_OBJECT_CONVERSION = YES_AGGRESSIVE;
				CLANG_CXX_LANGUAGE_STANDARD = "gnu++17";
				CLANG_CXX_LIBRARY = "libc++";
				CLANG_ENABLE_MODULES = YES;
				CLANG_ENABLE_OBJC_ARC = YES;
				CLANG_ENABLE_OBJC_WEAK = YES;
				CLANG_WARN_BLOCK_CAPTURE_AUTORELEASING = YES;
				CLANG_WARN_BOOL_CONVERSION = YES;
				CLANG_WARN_COMMA = YES;
				CLANG_WARN_CONSTANT_CONVERSION = YES;
				CLANG_WARN_DEPRECATED_OBJC_IMPLEMENTATIONS = YES;
				CLANG_WARN_DIRECT_OBJC_ISA_USAGE = YES_ERROR;
				CLANG_WARN_DOCUMENTATION_COMMENTS = YES;
				CLANG_WARN_EMPTY_BODY = YES;
				CLANG_WARN_ENUM_CONVERSION = YES;
				CLANG_WARN_INFINITE_RECURSION = YES;
				CLANG_WARN_INT_CONVERSION = YES;
				CLANG_WARN_NON_LITERAL_NULL_CONVERSION = YES;
				CLANG_WARN_OBJC_IMPLICIT_RETAIN_SELF = YES;
				CLANG_WARN_OBJC_LITERAL_CONVERSION = YES;
				CLANG_WARN_OBJC_ROOT_CLASS = YES_ERROR;
				CLANG_WARN_QUOTED_INCLUDE_IN_FRAMEWORK_HEADER = YES;
				CLANG_WARN_RANGE_LOOP_ANALYSIS = YES;
				CLANG_WARN_STRICT_PROTOTYPES = YES;
				CLANG_WARN_SUSPICIOUS_MOVE = YES;
				CLANG_WARN_UNGUARDED_AVAILABILITY = YES_AGGRESSIVE;
				CLANG_WARN_UNREACHABLE_CODE = YES;
				CLANG_WARN__DUPLICATE_METHOD_MATCH = YES;
				COPY_PHASE_STRIP = NO;
				DEBUG_INFORMATION_FORMAT = dwarf;
				ENABLE_STRICT_OBJC_MSGSEND = YES;
				ENABLE_TESTABILITY = YES;
				GCC_C_LANGUAGE_STANDARD = gnu11;
				GCC_DYNAMIC_NO_PIC = NO;
				GCC_NO_COMMON_BLOCKS = YES;
				GCC_OPTIMIZATION_LEVEL = 0;
				GCC_PREPROCESSOR_DEFINITIONS = (
					"DEBUG=1",
					"$(inherited)",
				);
				GCC_WARN_64_TO_32_BIT_CONVERSION = YES;
				GCC_WARN_ABOUT_RETURN_TYPE = YES_ERROR;
				GCC_WARN_UNDECLARED_SELECTOR = YES;
				GCC_WARN_UNINITIALIZED_AUTOS = YES_AGGRESSIVE;
				GCC_WARN_UNUSED_FUNCTION = YES;
				GCC_WARN_UNUSED_VARIABLE = YES;
				IPHONEOS_DEPLOYMENT_TARGET = 15.2;
				MTL_ENABLE_DEBUG_INFO = INCLUDE_SOURCE;
				MTL_FAST_MATH = YES;
				ONLY_ACTIVE_ARCH = YES;
				SDKROOT = iphoneos;
				SWIFT_ACTIVE_COMPILATION_CONDITIONS = DEBUG;
				SWIFT_OPTIMIZATION_LEVEL = "-Onone";
			};
			name = Debug;
		};
		94DD94D6278CB4C0005965EA /* Release */ = {
			isa = XCBuildConfiguration;
			buildSettings = {
				ALWAYS_SEARCH_USER_PATHS = NO;
				CLANG_ANALYZER_NONNULL = YES;
				CLANG_ANALYZER_NUMBER_OBJECT_CONVERSION = YES_AGGRESSIVE;
				CLANG_CXX_LANGUAGE_STANDARD = "gnu++17";
				CLANG_CXX_LIBRARY = "libc++";
				CLANG_ENABLE_MODULES = YES;
				CLANG_ENABLE_OBJC_ARC = YES;
				CLANG_ENABLE_OBJC_WEAK = YES;
				CLANG_WARN_BLOCK_CAPTURE_AUTORELEASING = YES;
				CLANG_WARN_BOOL_CONVERSION = YES;
				CLANG_WARN_COMMA = YES;
				CLANG_WARN_CONSTANT_CONVERSION = YES;
				CLANG_WARN_DEPRECATED_OBJC_IMPLEMENTATIONS = YES;
				CLANG_WARN_DIRECT_OBJC_ISA_USAGE = YES_ERROR;
				CLANG_WARN_DOCUMENTATION_COMMENTS = YES;
				CLANG_WARN_EMPTY_BODY = YES;
				CLANG_WARN_ENUM_CONVERSION = YES;
				CLANG_WARN_INFINITE_RECURSION = YES;
				CLANG_WARN_INT_CONVERSION = YES;
				CLANG_WARN_NON_LITERAL_NULL_CONVERSION = YES;
				CLANG_WARN_OBJC_IMPLICIT_RETAIN_SELF = YES;
				CLANG_WARN_OBJC_LITERAL_CONVERSION = YES;
				CLANG_WARN_OBJC_ROOT_CLASS = YES_ERROR;
				CLANG_WARN_QUOTED_INCLUDE_IN_FRAMEWORK_HEADER = YES;
				CLANG_WARN_RANGE_LOOP_ANALYSIS = YES;
				CLANG_WARN_STRICT_PROTOTYPES = YES;
				CLANG_WARN_SUSPICIOUS_MOVE = YES;
				CLANG_WARN_UNGUARDED_AVAILABILITY = YES_AGGRESSIVE;
				CLANG_WARN_UNREACHABLE_CODE = YES;
				CLANG_WARN__DUPLICATE_METHOD_MATCH = YES;
				COPY_PHASE_STRIP = NO;
				DEBUG_INFORMATION_FORMAT = "dwarf-with-dsym";
				ENABLE_NS_ASSERTIONS = NO;
				ENABLE_STRICT_OBJC_MSGSEND = YES;
				GCC_C_LANGUAGE_STANDARD = gnu11;
				GCC_NO_COMMON_BLOCKS = YES;
				GCC_WARN_64_TO_32_BIT_CONVERSION = YES;
				GCC_WARN_ABOUT_RETURN_TYPE = YES_ERROR;
				GCC_WARN_UNDECLARED_SELECTOR = YES;
				GCC_WARN_UNINITIALIZED_AUTOS = YES_AGGRESSIVE;
				GCC_WARN_UNUSED_FUNCTION = YES;
				GCC_WARN_UNUSED_VARIABLE = YES;
				IPHONEOS_DEPLOYMENT_TARGET = 15.2;
				MTL_ENABLE_DEBUG_INFO = NO;
				MTL_FAST_MATH = YES;
				SDKROOT = iphoneos;
				SWIFT_COMPILATION_MODE = wholemodule;
				SWIFT_OPTIMIZATION_LEVEL = "-O";
				VALIDATE_PRODUCT = YES;
			};
			name = Release;
		};
		94DD94D8278CB4C0005965EA /* Debug */ = {
			isa = XCBuildConfiguration;
			buildSettings = {
				ASSETCATALOG_COMPILER_APPICON_NAME = AppIcon;
				ASSETCATALOG_COMPILER_GLOBAL_ACCENT_COLOR_NAME = AccentColor;
				CODE_SIGN_STYLE = Automatic;
				CURRENT_PROJECT_VERSION = 1;
				DEVELOPMENT_TEAM = Z4V4D6Q5VP;
				GENERATE_INFOPLIST_FILE = YES;
				INFOPLIST_FILE = SearchCountries/Info.plist;
				INFOPLIST_KEY_UIApplicationSupportsIndirectInputEvents = YES;
				INFOPLIST_KEY_UILaunchStoryboardName = LaunchScreen;
				INFOPLIST_KEY_UIMainStoryboardFile = Main;
				INFOPLIST_KEY_UISupportedInterfaceOrientations_iPad = "UIInterfaceOrientationPortrait UIInterfaceOrientationPortraitUpsideDown UIInterfaceOrientationLandscapeLeft UIInterfaceOrientationLandscapeRight";
				INFOPLIST_KEY_UISupportedInterfaceOrientations_iPhone = "UIInterfaceOrientationPortrait UIInterfaceOrientationLandscapeLeft UIInterfaceOrientationLandscapeRight";
				LD_RUNPATH_SEARCH_PATHS = (
					"$(inherited)",
					"@executable_path/Frameworks",
				);
				MARKETING_VERSION = 1.0;
				PRODUCT_BUNDLE_IDENTIFIER = com.books.SearchCountries;
				PRODUCT_NAME = "$(TARGET_NAME)";
				SWIFT_EMIT_LOC_STRINGS = YES;
				SWIFT_VERSION = 5.0;
				TARGETED_DEVICE_FAMILY = "1,2";
			};
			name = Debug;
		};
		94DD94D9278CB4C0005965EA /* Release */ = {
			isa = XCBuildConfiguration;
			buildSettings = {
				ASSETCATALOG_COMPILER_APPICON_NAME = AppIcon;
				ASSETCATALOG_COMPILER_GLOBAL_ACCENT_COLOR_NAME = AccentColor;
				CODE_SIGN_STYLE = Automatic;
				CURRENT_PROJECT_VERSION = 1;
				DEVELOPMENT_TEAM = Z4V4D6Q5VP;
				GENERATE_INFOPLIST_FILE = YES;
				INFOPLIST_FILE = SearchCountries/Info.plist;
				INFOPLIST_KEY_UIApplicationSupportsIndirectInputEvents = YES;
				INFOPLIST_KEY_UILaunchStoryboardName = LaunchScreen;
				INFOPLIST_KEY_UIMainStoryboardFile = Main;
				INFOPLIST_KEY_UISupportedInterfaceOrientations_iPad = "UIInterfaceOrientationPortrait UIInterfaceOrientationPortraitUpsideDown UIInterfaceOrientationLandscapeLeft UIInterfaceOrientationLandscapeRight";
				INFOPLIST_KEY_UISupportedInterfaceOrientations_iPhone = "UIInterfaceOrientationPortrait UIInterfaceOrientationLandscapeLeft UIInterfaceOrientationLandscapeRight";
				LD_RUNPATH_SEARCH_PATHS = (
					"$(inherited)",
					"@executable_path/Frameworks",
				);
				MARKETING_VERSION = 1.0;
				PRODUCT_BUNDLE_IDENTIFIER = com.books.SearchCountries;
				PRODUCT_NAME = "$(TARGET_NAME)";
				SWIFT_EMIT_LOC_STRINGS = YES;
				SWIFT_VERSION = 5.0;
				TARGETED_DEVICE_FAMILY = "1,2";
			};
			name = Release;
		};
		94DD94DB278CB4C0005965EA /* Debug */ = {
			isa = XCBuildConfiguration;
			buildSettings = {
				ALWAYS_EMBED_SWIFT_STANDARD_LIBRARIES = YES;
				BUNDLE_LOADER = "$(TEST_HOST)";
				CODE_SIGN_STYLE = Automatic;
				CURRENT_PROJECT_VERSION = 1;
				DEVELOPMENT_TEAM = Z4V4D6Q5VP;
				GENERATE_INFOPLIST_FILE = YES;
				IPHONEOS_DEPLOYMENT_TARGET = 15.2;
				MARKETING_VERSION = 1.0;
				PRODUCT_BUNDLE_IDENTIFIER = com.books.SearchCountriesTests;
				PRODUCT_NAME = "$(TARGET_NAME)";
				SWIFT_EMIT_LOC_STRINGS = NO;
				SWIFT_VERSION = 5.0;
				TARGETED_DEVICE_FAMILY = "1,2";
				TEST_HOST = "$(BUILT_PRODUCTS_DIR)/SearchCountries.app/SearchCountries";
			};
			name = Debug;
		};
		94DD94DC278CB4C0005965EA /* Release */ = {
			isa = XCBuildConfiguration;
			buildSettings = {
				ALWAYS_EMBED_SWIFT_STANDARD_LIBRARIES = YES;
				BUNDLE_LOADER = "$(TEST_HOST)";
				CODE_SIGN_STYLE = Automatic;
				CURRENT_PROJECT_VERSION = 1;
				DEVELOPMENT_TEAM = Z4V4D6Q5VP;
				GENERATE_INFOPLIST_FILE = YES;
				IPHONEOS_DEPLOYMENT_TARGET = 15.2;
				MARKETING_VERSION = 1.0;
				PRODUCT_BUNDLE_IDENTIFIER = com.books.SearchCountriesTests;
				PRODUCT_NAME = "$(TARGET_NAME)";
				SWIFT_EMIT_LOC_STRINGS = NO;
				SWIFT_VERSION = 5.0;
				TARGETED_DEVICE_FAMILY = "1,2";
				TEST_HOST = "$(BUILT_PRODUCTS_DIR)/SearchCountries.app/SearchCountries";
			};
			name = Release;
		};
		94DD94DE278CB4C0005965EA /* Debug */ = {
			isa = XCBuildConfiguration;
			buildSettings = {
				ALWAYS_EMBED_SWIFT_STANDARD_LIBRARIES = YES;
				CODE_SIGN_STYLE = Automatic;
				CURRENT_PROJECT_VERSION = 1;
				DEVELOPMENT_TEAM = Z4V4D6Q5VP;
				GENERATE_INFOPLIST_FILE = YES;
				MARKETING_VERSION = 1.0;
				PRODUCT_BUNDLE_IDENTIFIER = com.books.SearchCountriesUITests;
				PRODUCT_NAME = "$(TARGET_NAME)";
				SWIFT_EMIT_LOC_STRINGS = NO;
				SWIFT_VERSION = 5.0;
				TARGETED_DEVICE_FAMILY = "1,2";
				TEST_TARGET_NAME = SearchCountries;
			};
			name = Debug;
		};
		94DD94DF278CB4C0005965EA /* Release */ = {
			isa = XCBuildConfiguration;
			buildSettings = {
				ALWAYS_EMBED_SWIFT_STANDARD_LIBRARIES = YES;
				CODE_SIGN_STYLE = Automatic;
				CURRENT_PROJECT_VERSION = 1;
				DEVELOPMENT_TEAM = Z4V4D6Q5VP;
				GENERATE_INFOPLIST_FILE = YES;
				MARKETING_VERSION = 1.0;
				PRODUCT_BUNDLE_IDENTIFIER = com.books.SearchCountriesUITests;
				PRODUCT_NAME = "$(TARGET_NAME)";
				SWIFT_EMIT_LOC_STRINGS = NO;
				SWIFT_VERSION = 5.0;
				TARGETED_DEVICE_FAMILY = "1,2";
				TEST_TARGET_NAME = SearchCountries;
			};
			name = Release;
		};
/* End XCBuildConfiguration section */

/* Begin XCConfigurationList section */
		94DD94A8278CB4BE005965EA /* Build configuration list for PBXProject "SearchCountries" */ = {
			isa = XCConfigurationList;
			buildConfigurations = (
				94DD94D5278CB4C0005965EA /* Debug */,
				94DD94D6278CB4C0005965EA /* Release */,
			);
			defaultConfigurationIsVisible = 0;
			defaultConfigurationName = Release;
		};
		94DD94D7278CB4C0005965EA /* Build configuration list for PBXNativeTarget "SearchCountries" */ = {
			isa = XCConfigurationList;
			buildConfigurations = (
				94DD94D8278CB4C0005965EA /* Debug */,
				94DD94D9278CB4C0005965EA /* Release */,
			);
			defaultConfigurationIsVisible = 0;
			defaultConfigurationName = Release;
		};
		94DD94DA278CB4C0005965EA /* Build configuration list for PBXNativeTarget "SearchCountriesTests" */ = {
			isa = XCConfigurationList;
			buildConfigurations = (
				94DD94DB278CB4C0005965EA /* Debug */,
				94DD94DC278CB4C0005965EA /* Release */,
			);
			defaultConfigurationIsVisible = 0;
			defaultConfigurationName = Release;
		};
		94DD94DD278CB4C0005965EA /* Build configuration list for PBXNativeTarget "SearchCountriesUITests" */ = {
			isa = XCConfigurationList;
			buildConfigurations = (
				94DD94DE278CB4C0005965EA /* Debug */,
				94DD94DF278CB4C0005965EA /* Release */,
			);
			defaultConfigurationIsVisible = 0;
			defaultConfigurationName = Release;
		};
/* End XCConfigurationList section */
	};
	rootObject = 94DD94A5278CB4BE005965EA /* Project object */;
}
